lockfileVersion: 5.4

specifiers:
  '@bufbuild/protobuf': 1.7.2
  '@bufbuild/protoc-gen-connect-es': 0.13.0
  '@bufbuild/protoc-gen-es': 1.7.2
  '@types/cie-rgb-color-converter': ^1.0.0
  '@types/dom-serial': 1.0.6
  '@types/react': 18.2.42
  '@types/react-dom': 18.2.17
  '@types/react-router-dom': 5.3.3
  '@zip.js/zip.js': ^2.7.57
  cie-rgb-color-converter: ^1.0.6
  crunker: 2.4.0
  esbuild: 0.24.0
  esbuild-css-modules-plugin: 3.1.0
  esbuild-scss-modules-plugin: 1.1.1
  react: 18.2.0
  react-dom: 18.2.0
  react-icons: 5.5.0
  react-pick-color: 2.0.0
  react-router: 6.20.1
  react-router-dom: 6.20.1
  realtime-bpm-analyzer: 4.0.2
  typescript: 5.3.3
  uuid-by-string: 4.0.0
  wavesurfer.js: 7.7.11
  zip.js: link:@types/@zip.js/zip.js

dependencies:
  '@zip.js/zip.js': 2.7.57
  cie-rgb-color-converter: 1.0.6
  crunker: 2.4.0
  react: 18.2.0
  react-dom: 18.2.0_react@18.2.0
  react-icons: 5.5.0_react@18.2.0
  react-pick-color: 2.0.0_biqbaboplfbrettd7655fr4n2y
  react-router: 6.20.1_react@18.2.0
  react-router-dom: 6.20.1_biqbaboplfbrettd7655fr4n2y
  realtime-bpm-analyzer: 4.0.2
  uuid-by-string: 4.0.0
  wavesurfer.js: 7.7.11
  zip.js: link:@types/@zip.js/zip.js

devDependencies:
  '@bufbuild/protobuf': 1.7.2
  '@bufbuild/protoc-gen-connect-es': 0.13.0_oiyrjpl52uyd66bh6gknkwxihu
  '@bufbuild/protoc-gen-es': 1.7.2_@bufbuild+protobuf@1.7.2
  '@types/cie-rgb-color-converter': 1.0.0
  '@types/dom-serial': 1.0.6
  '@types/react': 18.2.42
  '@types/react-dom': 18.2.17
  '@types/react-router-dom': 5.3.3
  esbuild: 0.24.0
  esbuild-css-modules-plugin: 3.1.0_esbuild@0.24.0
  esbuild-scss-modules-plugin: 1.1.1
  typescript: 5.3.3

packages:

  /@bufbuild/protobuf/1.7.2:
    resolution: {integrity: sha512-i5GE2Dk5ekdlK1TR7SugY4LWRrKSfb5T1Qn4unpIMbfxoeGKERKQ59HG3iYewacGD10SR7UzevfPnh6my4tNmQ==}
    dev: true

  /@bufbuild/protoc-gen-connect-es/0.13.0_oiyrjpl52uyd66bh6gknkwxihu:
    resolution: {integrity: sha512-4HbxWQ799ZLszJJIJsuVMFwkBx8DJ4VEhNDNtKpPJFsTdVUOp1LyFGY66Yjfj9vcuOeH44bS0ALE5pRP3rCxXA==}
    engines: {node: '>=16.0.0'}
    deprecated: Connect has moved to its own org @connectrpc and has a stable v1. Run `npx @connectrpc/connect-migrate@latest` to update. See https://github.com/connectrpc/connect-es/releases/tag/v0.13.1 for details.
    hasBin: true
    peerDependencies:
      '@bufbuild/connect': 0.13.0
      '@bufbuild/protoc-gen-es': ^1.2.1
    peerDependenciesMeta:
      '@bufbuild/connect':
        optional: true
      '@bufbuild/protoc-gen-es':
        optional: true
    dependencies:
      '@bufbuild/protobuf': 1.7.2
      '@bufbuild/protoc-gen-es': 1.7.2_@bufbuild+protobuf@1.7.2
      '@bufbuild/protoplugin': 1.7.2
    transitivePeerDependencies:
      - supports-color
    dev: true

  /@bufbuild/protoc-gen-es/1.7.2_@bufbuild+protobuf@1.7.2:
    resolution: {integrity: sha512-yiRk/T+YGmpSVvIkybCjPt+QyM/pLWMO+MAiz6auvCsiAgfXfc5nFFosD4yBYXID55M6eIkgBcity1AoJ6I30A==}
    engines: {node: '>=14'}
    hasBin: true
    peerDependencies:
      '@bufbuild/protobuf': 1.7.2
    peerDependenciesMeta:
      '@bufbuild/protobuf':
        optional: true
    dependencies:
      '@bufbuild/protobuf': 1.7.2
      '@bufbuild/protoplugin': 1.7.2
    transitivePeerDependencies:
      - supports-color
    dev: true

  /@bufbuild/protoplugin/1.7.2:
    resolution: {integrity: sha512-N3QtO8XWD4F4alMtASWtxBw6BWXp4aLz7rPBXH4KTULdjpUHnq46g15TsrG0/8szZw6pIklTO3lFe14dl6ZYdA==}
    dependencies:
      '@bufbuild/protobuf': 1.7.2
      '@typescript/vfs': 1.5.0
      typescript: 4.5.2
    transitivePeerDependencies:
      - supports-color
    dev: true

  /@esbuild/aix-ppc64/0.24.0:
    resolution: {integrity: sha512-WtKdFM7ls47zkKHFVzMz8opM7LkcsIp9amDUBIAWirg70RM71WRSjdILPsY5Uv1D42ZpUfaPILDlfactHgsRkw==}
    engines: {node: '>=18'}
    cpu: [ppc64]
    os: [aix]
    requiresBuild: true
    dev: true
    optional: true

  /@esbuild/android-arm/0.24.0:
    resolution: {integrity: sha512-arAtTPo76fJ/ICkXWetLCc9EwEHKaeya4vMrReVlEIUCAUncH7M4bhMQ+M9Vf+FFOZJdTNMXNBrWwW+OXWpSew==}
    engines: {node: '>=18'}
    cpu: [arm]
    os: [android]
    requiresBuild: true
    dev: true
    optional: true

  /@esbuild/android-arm64/0.24.0:
    resolution: {integrity: sha512-Vsm497xFM7tTIPYK9bNTYJyF/lsP590Qc1WxJdlB6ljCbdZKU9SY8i7+Iin4kyhV/KV5J2rOKsBQbB77Ab7L/w==}
    engines: {node: '>=18'}
    cpu: [arm64]
    os: [android]
    requiresBuild: true
    dev: true
    optional: true

  /@esbuild/android-x64/0.24.0:
    resolution: {integrity: sha512-t8GrvnFkiIY7pa7mMgJd7p8p8qqYIz1NYiAoKc75Zyv73L3DZW++oYMSHPRarcotTKuSs6m3hTOa5CKHaS02TQ==}
    engines: {node: '>=18'}
    cpu: [x64]
    os: [android]
    requiresBuild: true
    dev: true
    optional: true

  /@esbuild/darwin-arm64/0.24.0:
    resolution: {integrity: sha512-CKyDpRbK1hXwv79soeTJNHb5EiG6ct3efd/FTPdzOWdbZZfGhpbcqIpiD0+vwmpu0wTIL97ZRPZu8vUt46nBSw==}
    engines: {node: '>=18'}
    cpu: [arm64]
    os: [darwin]
    requiresBuild: true
    dev: true
    optional: true

  /@esbuild/darwin-x64/0.24.0:
    resolution: {integrity: sha512-rgtz6flkVkh58od4PwTRqxbKH9cOjaXCMZgWD905JOzjFKW+7EiUObfd/Kav+A6Gyud6WZk9w+xu6QLytdi2OA==}
    engines: {node: '>=18'}
    cpu: [x64]
    os: [darwin]
    requiresBuild: true
    dev: true
    optional: true

  /@esbuild/freebsd-arm64/0.24.0:
    resolution: {integrity: sha512-6Mtdq5nHggwfDNLAHkPlyLBpE5L6hwsuXZX8XNmHno9JuL2+bg2BX5tRkwjyfn6sKbxZTq68suOjgWqCicvPXA==}
    engines: {node: '>=18'}
    cpu: [arm64]
    os: [freebsd]
    requiresBuild: true
    dev: true
    optional: true

  /@esbuild/freebsd-x64/0.24.0:
    resolution: {integrity: sha512-D3H+xh3/zphoX8ck4S2RxKR6gHlHDXXzOf6f/9dbFt/NRBDIE33+cVa49Kil4WUjxMGW0ZIYBYtaGCa2+OsQwQ==}
    engines: {node: '>=18'}
    cpu: [x64]
    os: [freebsd]
    requiresBuild: true
    dev: true
    optional: true

  /@esbuild/linux-arm/0.24.0:
    resolution: {integrity: sha512-gJKIi2IjRo5G6Glxb8d3DzYXlxdEj2NlkixPsqePSZMhLudqPhtZ4BUrpIuTjJYXxvF9njql+vRjB2oaC9XpBw==}
    engines: {node: '>=18'}
    cpu: [arm]
    os: [linux]
    requiresBuild: true
    dev: true
    optional: true

  /@esbuild/linux-arm64/0.24.0:
    resolution: {integrity: sha512-TDijPXTOeE3eaMkRYpcy3LarIg13dS9wWHRdwYRnzlwlA370rNdZqbcp0WTyyV/k2zSxfko52+C7jU5F9Tfj1g==}
    engines: {node: '>=18'}
    cpu: [arm64]
    os: [linux]
    requiresBuild: true
    dev: true
    optional: true

  /@esbuild/linux-ia32/0.24.0:
    resolution: {integrity: sha512-K40ip1LAcA0byL05TbCQ4yJ4swvnbzHscRmUilrmP9Am7//0UjPreh4lpYzvThT2Quw66MhjG//20mrufm40mA==}
    engines: {node: '>=18'}
    cpu: [ia32]
    os: [linux]
    requiresBuild: true
    dev: true
    optional: true

  /@esbuild/linux-loong64/0.24.0:
    resolution: {integrity: sha512-0mswrYP/9ai+CU0BzBfPMZ8RVm3RGAN/lmOMgW4aFUSOQBjA31UP8Mr6DDhWSuMwj7jaWOT0p0WoZ6jeHhrD7g==}
    engines: {node: '>=18'}
    cpu: [loong64]
    os: [linux]
    requiresBuild: true
    dev: true
    optional: true

  /@esbuild/linux-mips64el/0.24.0:
    resolution: {integrity: sha512-hIKvXm0/3w/5+RDtCJeXqMZGkI2s4oMUGj3/jM0QzhgIASWrGO5/RlzAzm5nNh/awHE0A19h/CvHQe6FaBNrRA==}
    engines: {node: '>=18'}
    cpu: [mips64el]
    os: [linux]
    requiresBuild: true
    dev: true
    optional: true

  /@esbuild/linux-ppc64/0.24.0:
    resolution: {integrity: sha512-HcZh5BNq0aC52UoocJxaKORfFODWXZxtBaaZNuN3PUX3MoDsChsZqopzi5UupRhPHSEHotoiptqikjN/B77mYQ==}
    engines: {node: '>=18'}
    cpu: [ppc64]
    os: [linux]
    requiresBuild: true
    dev: true
    optional: true

  /@esbuild/linux-riscv64/0.24.0:
    resolution: {integrity: sha512-bEh7dMn/h3QxeR2KTy1DUszQjUrIHPZKyO6aN1X4BCnhfYhuQqedHaa5MxSQA/06j3GpiIlFGSsy1c7Gf9padw==}
    engines: {node: '>=18'}
    cpu: [riscv64]
    os: [linux]
    requiresBuild: true
    dev: true
    optional: true

  /@esbuild/linux-s390x/0.24.0:
    resolution: {integrity: sha512-ZcQ6+qRkw1UcZGPyrCiHHkmBaj9SiCD8Oqd556HldP+QlpUIe2Wgn3ehQGVoPOvZvtHm8HPx+bH20c9pvbkX3g==}
    engines: {node: '>=18'}
    cpu: [s390x]
    os: [linux]
    requiresBuild: true
    dev: true
    optional: true

  /@esbuild/linux-x64/0.24.0:
    resolution: {integrity: sha512-vbutsFqQ+foy3wSSbmjBXXIJ6PL3scghJoM8zCL142cGaZKAdCZHyf+Bpu/MmX9zT9Q0zFBVKb36Ma5Fzfa8xA==}
    engines: {node: '>=18'}
    cpu: [x64]
    os: [linux]
    requiresBuild: true
    dev: true
    optional: true

  /@esbuild/netbsd-x64/0.24.0:
    resolution: {integrity: sha512-hjQ0R/ulkO8fCYFsG0FZoH+pWgTTDreqpqY7UnQntnaKv95uP5iW3+dChxnx7C3trQQU40S+OgWhUVwCjVFLvg==}
    engines: {node: '>=18'}
    cpu: [x64]
    os: [netbsd]
    requiresBuild: true
    dev: true
    optional: true

  /@esbuild/openbsd-arm64/0.24.0:
    resolution: {integrity: sha512-MD9uzzkPQbYehwcN583yx3Tu5M8EIoTD+tUgKF982WYL9Pf5rKy9ltgD0eUgs8pvKnmizxjXZyLt0z6DC3rRXg==}
    engines: {node: '>=18'}
    cpu: [arm64]
    os: [openbsd]
    requiresBuild: true
    dev: true
    optional: true

  /@esbuild/openbsd-x64/0.24.0:
    resolution: {integrity: sha512-4ir0aY1NGUhIC1hdoCzr1+5b43mw99uNwVzhIq1OY3QcEwPDO3B7WNXBzaKY5Nsf1+N11i1eOfFcq+D/gOS15Q==}
    engines: {node: '>=18'}
    cpu: [x64]
    os: [openbsd]
    requiresBuild: true
    dev: true
    optional: true

  /@esbuild/sunos-x64/0.24.0:
    resolution: {integrity: sha512-jVzdzsbM5xrotH+W5f1s+JtUy1UWgjU0Cf4wMvffTB8m6wP5/kx0KiaLHlbJO+dMgtxKV8RQ/JvtlFcdZ1zCPA==}
    engines: {node: '>=18'}
    cpu: [x64]
    os: [sunos]
    requiresBuild: true
    dev: true
    optional: true

  /@esbuild/win32-arm64/0.24.0:
    resolution: {integrity: sha512-iKc8GAslzRpBytO2/aN3d2yb2z8XTVfNV0PjGlCxKo5SgWmNXx82I/Q3aG1tFfS+A2igVCY97TJ8tnYwpUWLCA==}
    engines: {node: '>=18'}
    cpu: [arm64]
    os: [win32]
    requiresBuild: true
    dev: true
    optional: true

  /@esbuild/win32-ia32/0.24.0:
    resolution: {integrity: sha512-vQW36KZolfIudCcTnaTpmLQ24Ha1RjygBo39/aLkM2kmjkWmZGEJ5Gn9l5/7tzXA42QGIoWbICfg6KLLkIw6yw==}
    engines: {node: '>=18'}
    cpu: [ia32]
    os: [win32]
    requiresBuild: true
    dev: true
    optional: true

  /@esbuild/win32-x64/0.24.0:
    resolution: {integrity: sha512-7IAFPrjSQIJrGsK6flwg7NFmwBoSTyF3rl7If0hNUFQU4ilTsEPL6GuMuU9BfIWVVGuRnuIidkSMC+c0Otu8IA==}
    engines: {node: '>=18'}
    cpu: [x64]
    os: [win32]
    requiresBuild: true
    dev: true
    optional: true

  /@remix-run/router/1.13.1:
    resolution: {integrity: sha512-so+DHzZKsoOcoXrILB4rqDkMDy7NLMErRdOxvzvOKb507YINKUP4Di+shbTZDhSE/pBZ+vr7XGIpcOO0VLSA+Q==}
    engines: {node: '>=14.0.0'}
    dev: false

  /@types/cie-rgb-color-converter/1.0.0:
    resolution: {integrity: sha512-ZeLsd/aV0ziQQMEsGCRbHU1uNK60jUYK6fxLqIb4znVpg2tCpcD6/w5sRRuytq58YvnPgjvxFJFTJlEijUOkSQ==}
    dev: true

  /@types/dom-serial/1.0.6:
    resolution: {integrity: sha512-eUHKbc6mdMgMm75/oBLocs3wkOQkPQ/oNCT+b5OgUT6mLgIvDTp3wCCE9tYZNvDPPh6Cj9lVg2IguWfS/mDrrQ==}
    dev: true

  /@types/history/4.7.11:
    resolution: {integrity: sha512-qjDJRrmvBMiTx+jyLxvLfJU7UznFuokDv4f3WRuriHKERccVpFU+8XMQUAbDzoiJCsmexxRExQeMwwCdamSKDA==}
    dev: true

  /@types/prop-types/15.7.11:
    resolution: {integrity: sha512-ga8y9v9uyeiLdpKddhxYQkxNDrfvuPrlFb0N1qnZZByvcElJaXthF1UhvCh9TLWJBEHeNtdnbysW7Y6Uq8CVng==}
    dev: true

  /@types/react-dom/18.2.17:
    resolution: {integrity: sha512-rvrT/M7Df5eykWFxn6MYt5Pem/Dbyc1N8Y0S9Mrkw2WFCRiqUgw9P7ul2NpwsXCSM1DVdENzdG9J5SreqfAIWg==}
    dependencies:
      '@types/react': 18.2.42
    dev: true

  /@types/react-router-dom/5.3.3:
    resolution: {integrity: sha512-kpqnYK4wcdm5UaWI3fLcELopqLrHgLqNsdpHauzlQktfkHL3npOSwtj1Uz9oKBAzs7lFtVkV8j83voAz2D8fhw==}
    dependencies:
      '@types/history': 4.7.11
      '@types/react': 18.2.42
      '@types/react-router': 5.1.20
    dev: true

  /@types/react-router/5.1.20:
    resolution: {integrity: sha512-jGjmu/ZqS7FjSH6owMcD5qpq19+1RS9DeVRqfl1FeBMxTDQAGwlMWOcs52NDoXaNKyG3d1cYQFMs9rCrb88o9Q==}
    dependencies:
      '@types/history': 4.7.11
      '@types/react': 18.2.42
    dev: true

  /@types/react/18.2.42:
    resolution: {integrity: sha512-c1zEr96MjakLYus/wPnuWDo1/zErfdU9rNsIGmE+NV71nx88FG9Ttgo5dqorXTu/LImX2f63WBP986gJkMPNbA==}
    dependencies:
      '@types/prop-types': 15.7.11
      '@types/scheduler': 0.16.8
      csstype: 3.0.5
    dev: true

  /@types/scheduler/0.16.8:
    resolution: {integrity: sha512-WZLiwShhwLRmeV6zH+GkbOFT6Z6VklCItrDioxUnv+u4Ll+8vKeFySoFyK/0ctcRpOmwAicELfmys1sDc/Rw+A==}
    dev: true

  /@typescript/vfs/1.5.0:
    resolution: {integrity: sha512-AJS307bPgbsZZ9ggCT3wwpg3VbTKMFNHfaY/uF0ahSkYYrPF2dSSKDNIDIQAHm9qJqbLvCsSJH7yN4Vs/CsMMg==}
    dependencies:
      debug: 4.3.4
    transitivePeerDependencies:
      - supports-color
    dev: true

  /@zip.js/zip.js/2.7.57:
    resolution: {integrity: sha512-BtonQ1/jDnGiMed6OkV6rZYW78gLmLswkHOzyMrMb+CAR7CZO8phOHO6c2qw6qb1g1betN7kwEHhhZk30dv+NA==}
    engines: {bun: '>=0.7.0', deno: '>=1.0.0', node: '>=16.5.0'}
    dev: false

  /anymatch/3.1.3:
    resolution: {integrity: sha512-KMReFUr0B4t+D+OBkjR3KYqvocp2XaSzO55UcB6mgQMd3KbcE+mWTyvVV7D/zsdEbNnV6acZUutkiHQXvTr1Rw==}
    engines: {node: '>= 8'}
    dependencies:
      normalize-path: 3.0.0
      picomatch: 2.3.1
    dev: true

  /binary-extensions/2.2.0:
    resolution: {integrity: sha512-jDctJ/IVQbZoJykoeHbhXpOlNBqGNcwXJKJog42E5HDPUwQTSdjCHdihjj0DlnheQ7blbT6dHOafNAiS8ooQKA==}
    engines: {node: '>=8'}
    dev: true

  /braces/3.0.2:
    resolution: {integrity: sha512-b8um+L1RzM3WDSzvhm6gIz1yfTbBt6YTlcEKAvsmqCZZFw46z626lVj9j1yEPW33H5H+lBQpZMP1k8l+78Ha0A==}
    engines: {node: '>=8'}
    dependencies:
      fill-range: 7.0.1
    dev: true

  /chokidar/3.5.3:
    resolution: {integrity: sha512-Dr3sfKRP6oTcjf2JmUmFJfeVMvXBdegxB0iVQ5eb2V10uFJUCAS8OByZdVAyVb8xXNz3GjjTgj9kLWsZTqE6kw==}
    engines: {node: '>= 8.10.0'}
    dependencies:
      anymatch: 3.1.3
      braces: 3.0.2
      glob-parent: 5.1.2
      is-binary-path: 2.1.0
      is-glob: 4.0.3
      normalize-path: 3.0.0
      readdirp: 3.6.0
    optionalDependencies:
      fsevents: 2.3.3
    dev: true

  /cie-rgb-color-converter/1.0.6:
    resolution: {integrity: sha512-ox9KQRf1i8jFhE1d0cZGwGLyRWy03oFLUhXqr9XrD4XACNezejiarj/4VZnYcYHOifQcmY/JIC0HB1Nkv+nFZQ==}
    dev: false

  /crunker/2.4.0:
    resolution: {integrity: sha512-3J0aBgLaB8jpGh6o+bisjYzOEkJLYxhnisHXogjY4fxYewh1aVCptWAz7RSTYPncCyxdfA+UaWAM1BrQiZvZgQ==}
    dev: false

  /cssesc/3.0.0:
    resolution: {integrity: sha512-/Tb/JcjK111nNScGob5MNtsntNM1aCNUDipB/TkwZFhyDrrE47SOx/18wF2bbjgc3ZzCSKW1T5nt5EbFoAz/Vg==}
    engines: {node: '>=4'}
    hasBin: true
    dev: true

  /csstype/3.0.5:
    resolution: {integrity: sha512-uVDi8LpBUKQj6sdxNaTetL6FpeCqTjOvAQuQUa/qAqq8oOd4ivkbhgnqayl0dnPal8Tb/yB1tF+gOvCBiicaiQ==}
    dev: true

  /debug/4.3.4:
    resolution: {integrity: sha512-PRWFHuSU3eDtQJPvnNY7Jcket1j0t5OuOsFzPPzsekD52Zl8qUfFIPEiswXqIvHWGVHOgX+7G/vCNNhehwxfkQ==}
    engines: {node: '>=6.0'}
    peerDependencies:
      supports-color: '*'
    peerDependenciesMeta:
      supports-color:
        optional: true
    dependencies:
      ms: 2.1.2
    dev: true

  /detect-libc/1.0.3:
    resolution: {integrity: sha512-pGjwhsmsp4kL2RTz08wcOlGN83otlqHeD/Z5T8GXZB+/YcpQ/dgo+lbU8ZsGxV0HIvqqxo9l7mqYwyYMD9bKDg==}
    engines: {node: '>=0.10'}
    hasBin: true
    dev: true

  /esbuild-css-modules-plugin/3.1.0_esbuild@0.24.0:
    resolution: {integrity: sha512-3+BYIKHlGqhL1/9FbWFUD3bGyxR9+H0wGHH2QpzqJZ5UIYBwr6oyWspio3YGgZeJvzstiOgX+UdY7MBaXt+aAg==}
    engines: {node: '>= 16.20.0'}
    peerDependencies:
      esbuild: '*'
    dependencies:
      esbuild: 0.24.0
      lightningcss: 1.22.1
      lodash-es: 4.17.21
    dev: true

  /esbuild-scss-modules-plugin/1.1.1:
    resolution: {integrity: sha512-KRyDKp9cSuZpKgIyXLs2mHmiGgRPW6fHCkAXrURivSAveSameHcEdgwdHdpSqPrtHwlGdno4L/3uU9edadhfnA==}
    peerDependencies:
      cssnano: ~5.0.6
    dependencies:
      postcss: 8.4.32
      postcss-modules: 4.3.1_postcss@8.4.32
      sass: 1.69.5
    dev: true

  /esbuild/0.24.0:
    resolution: {integrity: sha512-FuLPevChGDshgSicjisSooU0cemp/sGXR841D5LHMB7mTVOmsEHcAxaH3irL53+8YDIeVNQEySh4DaYU/iuPqQ==}
    engines: {node: '>=18'}
    hasBin: true
    requiresBuild: true
    optionalDependencies:
      '@esbuild/aix-ppc64': 0.24.0
      '@esbuild/android-arm': 0.24.0
      '@esbuild/android-arm64': 0.24.0
      '@esbuild/android-x64': 0.24.0
      '@esbuild/darwin-arm64': 0.24.0
      '@esbuild/darwin-x64': 0.24.0
      '@esbuild/freebsd-arm64': 0.24.0
      '@esbuild/freebsd-x64': 0.24.0
      '@esbuild/linux-arm': 0.24.0
      '@esbuild/linux-arm64': 0.24.0
      '@esbuild/linux-ia32': 0.24.0
      '@esbuild/linux-loong64': 0.24.0
      '@esbuild/linux-mips64el': 0.24.0
      '@esbuild/linux-ppc64': 0.24.0
      '@esbuild/linux-riscv64': 0.24.0
      '@esbuild/linux-s390x': 0.24.0
      '@esbuild/linux-x64': 0.24.0
      '@esbuild/netbsd-x64': 0.24.0
      '@esbuild/openbsd-arm64': 0.24.0
      '@esbuild/openbsd-x64': 0.24.0
      '@esbuild/sunos-x64': 0.24.0
      '@esbuild/win32-arm64': 0.24.0
      '@esbuild/win32-ia32': 0.24.0
      '@esbuild/win32-x64': 0.24.0
    dev: true

  /fill-range/7.0.1:
    resolution: {integrity: sha512-qOo9F+dMUmC2Lcb4BbVvnKJxTPjCm+RRpe4gDuGrzkL7mEVl/djYSu2OdQ2Pa302N4oqkSg9ir6jaLWJ2USVpQ==}
    engines: {node: '>=8'}
    dependencies:
      to-regex-range: 5.0.1
    dev: true

  /fsevents/2.3.3:
    resolution: {integrity: sha512-5xoDfX+fL7faATnagmWPpbFtwh/R77WmMMqqHGS65C3vvB0YHrgF+B1YmZ3441tMj5n63k0212XNoJwzlhffQw==}
    engines: {node: ^8.16.0 || ^10.6.0 || >=11.0.0}
    os: [darwin]
    requiresBuild: true
    dev: true
    optional: true

  /generic-names/4.0.0:
    resolution: {integrity: sha512-ySFolZQfw9FoDb3ed9d80Cm9f0+r7qj+HJkWjeD9RBfpxEVTlVhol+gvaQB/78WbwYfbnNh8nWHHBSlg072y6A==}
    dependencies:
      loader-utils: 3.2.1
    dev: true

  /glob-parent/5.1.2:
    resolution: {integrity: sha512-AOIgSQCepiJYwP3ARnGx+5VnTu2HBYdzbGP45eLw1vr3zB3vZLeyed1sC9hnbcOc9/SrMyM5RPQrkGz4aS9Zow==}
    engines: {node: '>= 6'}
    dependencies:
      is-glob: 4.0.3
    dev: true

  /icss-replace-symbols/1.1.0:
    resolution: {integrity: sha512-chIaY3Vh2mh2Q3RGXttaDIzeiPvaVXJ+C4DAh/w3c37SKZ/U6PGMmuicR2EQQp9bKG8zLMCl7I+PtIoOOPp8Gg==}
    dev: true

  /icss-utils/5.1.0_postcss@8.4.32:
    resolution: {integrity: sha512-soFhflCVWLfRNOPU3iv5Z9VUdT44xFRbzjLsEzSr5AQmgqPMTHdU3PMT1Cf1ssx8fLNJDA1juftYl+PUcv3MqA==}
    engines: {node: ^10 || ^12 || >= 14}
    peerDependencies:
      postcss: ^8.1.0
    dependencies:
      postcss: 8.4.32
    dev: true

  /immutable/4.3.4:
    resolution: {integrity: sha512-fsXeu4J4i6WNWSikpI88v/PcVflZz+6kMhUfIwc5SY+poQRPnaf5V7qds6SUyUN3cVxEzuCab7QIoLOQ+DQ1wA==}
    dev: true

  /is-binary-path/2.1.0:
    resolution: {integrity: sha512-ZMERYes6pDydyuGidse7OsHxtbI7WVeUEozgR/g7rd0xUimYNlvZRE/K2MgZTjWy725IfelLeVcEM97mmtRGXw==}
    engines: {node: '>=8'}
    dependencies:
      binary-extensions: 2.2.0
    dev: true

  /is-extglob/2.1.1:
    resolution: {integrity: sha512-SbKbANkN603Vi4jEZv49LeVJMn4yGwsbzZworEoyEiutsN3nJYdbO36zfhGJ6QEDpOZIFkDtnq5JRxmvl3jsoQ==}
    engines: {node: '>=0.10.0'}
    dev: true

  /is-glob/4.0.3:
    resolution: {integrity: sha512-xelSayHH36ZgE7ZWhli7pW34hNbNl8Ojv5KVmkJD4hBdD3th8Tfk9vYasLM+mXWOZhFkgZfxhLSnrwRr4elSSg==}
    engines: {node: '>=0.10.0'}
    dependencies:
      is-extglob: 2.1.1
    dev: true

  /is-number/7.0.0:
    resolution: {integrity: sha512-41Cifkg6e8TylSpdtTpeLVMqvSBEVzTttHvERD741+pnZ8ANv0004MRL43QKPDlK9cGvNp6NZWZUBlbGXYxxng==}
    engines: {node: '>=0.12.0'}
    dev: true

  /js-md5/0.7.3:
    resolution: {integrity: sha512-ZC41vPSTLKGwIRjqDh8DfXoCrdQIyBgspJVPXHBGu4nZlAEvG3nf+jO9avM9RmLiGakg7vz974ms99nEV0tmTQ==}
    dev: false

  /js-sha1/0.6.0:
    resolution: {integrity: sha512-01gwBFreYydzmU9BmZxpVk6svJJHrVxEN3IOiGl6VO93bVKYETJ0sIth6DASI6mIFdt7NmfX9UiByRzsYHGU9w==}
    dev: false

  /js-tokens/4.0.0:
    resolution: {integrity: sha512-RdJUflcE3cUzKiMqQgsCu06FPu9UdIJO0beYbPhHN4k6apgJtifcoCtT9bcxOpYBtpD2kCM6Sbzg4CausW/PKQ==}
    dev: false

  /lightningcss-darwin-arm64/1.22.1:
    resolution: {integrity: sha512-ldvElu+R0QimNTjsKpaZkUv3zf+uefzLy/R1R19jtgOfSRM+zjUCUgDhfEDRmVqJtMwYsdhMI2aJtJChPC6Osg==}
    engines: {node: '>= 12.0.0'}
    cpu: [arm64]
    os: [darwin]
    requiresBuild: true
    dev: true
    optional: true

  /lightningcss-darwin-x64/1.22.1:
    resolution: {integrity: sha512-5p2rnlVTv6Gpw4PlTLq925nTVh+HFh4MpegX8dPDYJae+NFVjQ67gY7O6iHIzQjLipDiYejFF0yHrhjU3XgLBQ==}
    engines: {node: '>= 12.0.0'}
    cpu: [x64]
    os: [darwin]
    requiresBuild: true
    dev: true
    optional: true

  /lightningcss-freebsd-x64/1.22.1:
    resolution: {integrity: sha512-1FaBtcFrZqB2hkFbAxY//Pnp8koThvyB6AhjbdVqKD4/pu13Rl91fKt2N9qyeQPUt3xy7ORUvSO+dPk3J6EjXg==}
    engines: {node: '>= 12.0.0'}
    cpu: [x64]
    os: [freebsd]
    requiresBuild: true
    dev: true
    optional: true

  /lightningcss-linux-arm-gnueabihf/1.22.1:
    resolution: {integrity: sha512-6rub98tYGfE5I5j0BP8t/2d4BZyu1S7Iz9vUkm0H26snAFHYxLfj3RbQn0xHHIePSetjLnhcg3QlfwUAkD/FYg==}
    engines: {node: '>= 12.0.0'}
    cpu: [arm]
    os: [linux]
    requiresBuild: true
    dev: true
    optional: true

  /lightningcss-linux-arm64-gnu/1.22.1:
    resolution: {integrity: sha512-nYO5qGtb/1kkTZu3FeTiM+2B2TAb7m2DkLCTgQIs2bk2o9aEs7I96fwySKcoHWQAiQDGR9sMux9vkV4KQXqPaQ==}
    engines: {node: '>= 12.0.0'}
    cpu: [arm64]
    os: [linux]
    requiresBuild: true
    dev: true
    optional: true

  /lightningcss-linux-arm64-musl/1.22.1:
    resolution: {integrity: sha512-MCV6RuRpzXbunvzwY644iz8cw4oQxvW7oer9xPkdadYqlEyiJJ6wl7FyJOH7Q6ZYH4yjGAUCvxDBxPbnDu9ZVg==}
    engines: {node: '>= 12.0.0'}
    cpu: [arm64]
    os: [linux]
    requiresBuild: true
    dev: true
    optional: true

  /lightningcss-linux-x64-gnu/1.22.1:
    resolution: {integrity: sha512-RjNgpdM20VUXgV7us/VmlO3Vn2ZRiDnc3/bUxCVvySZWPiVPprpqW/QDWuzkGa+NCUf6saAM5CLsZLSxncXJwg==}
    engines: {node: '>= 12.0.0'}
    cpu: [x64]
    os: [linux]
    requiresBuild: true
    dev: true
    optional: true

  /lightningcss-linux-x64-musl/1.22.1:
    resolution: {integrity: sha512-ZgO4C7Rd6Hv/5MnyY2KxOYmIlzk4rplVolDt3NbkNR8DndnyX0Q5IR4acJWNTBICQ21j3zySzKbcJaiJpk/4YA==}
    engines: {node: '>= 12.0.0'}
    cpu: [x64]
    os: [linux]
    requiresBuild: true
    dev: true
    optional: true

  /lightningcss-win32-x64-msvc/1.22.1:
    resolution: {integrity: sha512-4pozV4eyD0MDET41ZLHAeBo+H04Nm2UEYIk5w/ts40231dRFV7E0cjwbnZvSoc1DXFgecAhiC0L16ruv/ZDCpg==}
    engines: {node: '>= 12.0.0'}
    cpu: [x64]
    os: [win32]
    requiresBuild: true
    dev: true
    optional: true

  /lightningcss/1.22.1:
    resolution: {integrity: sha512-Fy45PhibiNXkm0cK5FJCbfO8Y6jUpD/YcHf/BtuI+jvYYqSXKF4muk61jjE8YxCR9y+hDYIWSzHTc+bwhDE6rQ==}
    engines: {node: '>= 12.0.0'}
    dependencies:
      detect-libc: 1.0.3
    optionalDependencies:
      lightningcss-darwin-arm64: 1.22.1
      lightningcss-darwin-x64: 1.22.1
      lightningcss-freebsd-x64: 1.22.1
      lightningcss-linux-arm-gnueabihf: 1.22.1
      lightningcss-linux-arm64-gnu: 1.22.1
      lightningcss-linux-arm64-musl: 1.22.1
      lightningcss-linux-x64-gnu: 1.22.1
      lightningcss-linux-x64-musl: 1.22.1
      lightningcss-win32-x64-msvc: 1.22.1
    dev: true

  /loader-utils/3.2.1:
    resolution: {integrity: sha512-ZvFw1KWS3GVyYBYb7qkmRM/WwL2TQQBxgCK62rlvm4WpVQ23Nb4tYjApUlfjrEGvOs7KHEsmyUn75OHZrJMWPw==}
    engines: {node: '>= 12.13.0'}
    dev: true

  /lodash-es/4.17.21:
    resolution: {integrity: sha512-mKnC+QJ9pWVzv+C4/U3rRsHapFfHvQFoFB92e52xeyGMcX6/OlIl78je1u8vePzYZSkkogMPJ2yjxxsb89cxyw==}
    dev: true

  /lodash.camelcase/4.3.0:
    resolution: {integrity: sha512-TwuEnCnxbc3rAvhf/LbG7tJUDzhqXyFnv3dtzLOPgCG/hODL7WFnsbwktkD7yUV0RrreP/l1PALq/YSg6VvjlA==}
    dev: true

  /loose-envify/1.4.0:
    resolution: {integrity: sha512-lyuxPGr/Wfhrlem2CL/UcnUc1zcqKAImBDzukY7Y5F/yQiNdko6+fRLevlw1HgMySw7f611UIY408EtxRSoK3Q==}
    hasBin: true
    dependencies:
      js-tokens: 4.0.0
    dev: false

  /ms/2.1.2:
    resolution: {integrity: sha512-sGkPx+VjMtmA6MX27oA4FBFELFCZZ4S4XqeGOXCv68tT+jb3vk/RyaKWP0PTKyWtmLSM0b+adUTEvbs1PEaH2w==}
    dev: true

  /nanoid/3.3.7:
    resolution: {integrity: sha512-eSRppjcPIatRIMC1U6UngP8XFcz8MQWGQdt1MTBQ7NaAmvXDfvNxbvWV3x2y6CdEUciCSsDHDQZbhYaB8QEo2g==}
    engines: {node: ^10 || ^12 || ^13.7 || ^14 || >=15.0.1}
    hasBin: true
    dev: true

  /normalize-path/3.0.0:
    resolution: {integrity: sha512-6eZs5Ls3WtCisHWp9S2GUy8dqkpGi4BVSz3GaqiE6ezub0512ESztXUwUB6C6IKbQkY2Pnb/mD4WYojCRwcwLA==}
    engines: {node: '>=0.10.0'}
    dev: true

  /picocolors/1.0.0:
    resolution: {integrity: sha512-1fygroTLlHu66zi26VoTDv8yRgm0Fccecssto+MhsZ0D/DGW2sm8E8AjW7NU5VVTRt5GxbeZ5qBuJr+HyLYkjQ==}
    dev: true

  /picomatch/2.3.1:
    resolution: {integrity: sha512-JU3teHTNjmE2VCGFzuY8EXzCDVwEqB2a8fsIvwaStHhAWJEeVd1o1QD80CU6+ZdEXXSLbSsuLwJjkCBWqRQUVA==}
    engines: {node: '>=8.6'}
    dev: true

  /postcss-modules-extract-imports/3.0.0_postcss@8.4.32:
    resolution: {integrity: sha512-bdHleFnP3kZ4NYDhuGlVK+CMrQ/pqUm8bx/oGL93K6gVwiclvX5x0n76fYMKuIGKzlABOy13zsvqjb0f92TEXw==}
    engines: {node: ^10 || ^12 || >= 14}
    peerDependencies:
      postcss: ^8.1.0
    dependencies:
      postcss: 8.4.32
    dev: true

  /postcss-modules-local-by-default/4.0.3_postcss@8.4.32:
    resolution: {integrity: sha512-2/u2zraspoACtrbFRnTijMiQtb4GW4BvatjaG/bCjYQo8kLTdevCUlwuBHx2sCnSyrI3x3qj4ZK1j5LQBgzmwA==}
    engines: {node: ^10 || ^12 || >= 14}
    peerDependencies:
      postcss: ^8.1.0
    dependencies:
      icss-utils: 5.1.0_postcss@8.4.32
      postcss: 8.4.32
      postcss-selector-parser: 6.0.13
      postcss-value-parser: 4.2.0
    dev: true

  /postcss-modules-scope/3.1.0_postcss@8.4.32:
    resolution: {integrity: sha512-SaIbK8XW+MZbd0xHPf7kdfA/3eOt7vxJ72IRecn3EzuZVLr1r0orzf0MX/pN8m+NMDoo6X/SQd8oeKqGZd8PXg==}
    engines: {node: ^10 || ^12 || >= 14}
    peerDependencies:
      postcss: ^8.1.0
    dependencies:
      postcss: 8.4.32
      postcss-selector-parser: 6.0.13
    dev: true

  /postcss-modules-values/4.0.0_postcss@8.4.32:
    resolution: {integrity: sha512-RDxHkAiEGI78gS2ofyvCsu7iycRv7oqw5xMWn9iMoR0N/7mf9D50ecQqUo5BZ9Zh2vH4bCUR/ktCqbB9m8vJjQ==}
    engines: {node: ^10 || ^12 || >= 14}
    peerDependencies:
      postcss: ^8.1.0
    dependencies:
      icss-utils: 5.1.0_postcss@8.4.32
      postcss: 8.4.32
    dev: true

  /postcss-modules/4.3.1_postcss@8.4.32:
    resolution: {integrity: sha512-ItUhSUxBBdNamkT3KzIZwYNNRFKmkJrofvC2nWab3CPKhYBQ1f27XXh1PAPE27Psx58jeelPsxWB/+og+KEH0Q==}
    peerDependencies:
      postcss: ^8.0.0
    dependencies:
      generic-names: 4.0.0
      icss-replace-symbols: 1.1.0
      lodash.camelcase: 4.3.0
      postcss: 8.4.32
      postcss-modules-extract-imports: 3.0.0_postcss@8.4.32
      postcss-modules-local-by-default: 4.0.3_postcss@8.4.32
      postcss-modules-scope: 3.1.0_postcss@8.4.32
      postcss-modules-values: 4.0.0_postcss@8.4.32
      string-hash: 1.1.3
    dev: true

  /postcss-selector-parser/6.0.13:
    resolution: {integrity: sha512-EaV1Gl4mUEV4ddhDnv/xtj7sxwrwxdetHdWUGnT4VJQf+4d05v6lHYZr8N573k5Z0BViss7BDhfWtKS3+sfAqQ==}
    engines: {node: '>=4'}
    dependencies:
      cssesc: 3.0.0
      util-deprecate: 1.0.2
    dev: true

  /postcss-value-parser/4.2.0:
    resolution: {integrity: sha512-1NNCs6uurfkVbeXG4S8JFT9t19m45ICnif8zWLd5oPSZ50QnwMfK+H3jv408d4jw/7Bttv5axS5IiHoLaVNHeQ==}
    dev: true

  /postcss/8.4.32:
    resolution: {integrity: sha512-D/kj5JNu6oo2EIy+XL/26JEDTlIbB8hw85G8StOE6L74RQAVVP5rej6wxCNqyMbR4RkPfqvezVbPw81Ngd6Kcw==}
    engines: {node: ^10 || ^12 || >=14}
    dependencies:
      nanoid: 3.3.7
      picocolors: 1.0.0
      source-map-js: 1.0.2
    dev: true

  /react-dom/18.2.0_react@18.2.0:
    resolution: {integrity: sha512-6IMTriUmvsjHUjNtEDudZfuDQUoWXVxKHhlEGSk81n4YFS+r/Kl99wXiwlVXtPBtJenozv2P+hxDsw9eA7Xo6g==}
    peerDependencies:
      react: ^18.2.0
    dependencies:
      loose-envify: 1.4.0
      react: 18.2.0
      scheduler: 0.23.0
    dev: false

  /react-icons/5.5.0_react@18.2.0:
    resolution: {integrity: sha512-MEFcXdkP3dLo8uumGI5xN3lDFNsRtrjbOEKDLD7yv76v4wpnEq2Lt2qeHaQOr34I/wPN3s3+N08WkQ+CW37Xiw==}
    peerDependencies:
      react: '*'
    dependencies:
      react: 18.2.0
    dev: false

  /react-pick-color/2.0.0_biqbaboplfbrettd7655fr4n2y:
    resolution: {integrity: sha512-GLYyUN1k60cxkrizqRDqfmCBNP6vJZDam5TfCMMxgxPjNul9zmunAZAJ8x9wy1yMb1NqMa/MI2np7oDQLCEbDg==}
    peerDependencies:
      react: '>=16.8.0'
      react-dom: '>=16.8.0'
    dependencies:
      react: 18.2.0
      react-dom: 18.2.0_react@18.2.0
      tinycolor2: 1.6.0
    dev: false

  /react-router-dom/6.20.1_biqbaboplfbrettd7655fr4n2y:
    resolution: {integrity: sha512-npzfPWcxfQN35psS7rJgi/EW0Gx6EsNjfdJSAk73U/HqMEJZ2k/8puxfwHFgDQhBGmS3+sjnGbMdMSV45axPQw==}
    engines: {node: '>=14.0.0'}
    peerDependencies:
      react: '>=16.8'
      react-dom: '>=16.8'
    dependencies:
      '@remix-run/router': 1.13.1
      react: 18.2.0
      react-dom: 18.2.0_react@18.2.0
      react-router: 6.20.1_react@18.2.0
    dev: false

  /react-router/6.20.1_react@18.2.0:
    resolution: {integrity: sha512-ccvLrB4QeT5DlaxSFFYi/KR8UMQ4fcD8zBcR71Zp1kaYTC5oJKYAp1cbavzGrogwxca+ubjkd7XjFZKBW8CxPA==}
    engines: {node: '>=14.0.0'}
    peerDependencies:
      react: '>=16.8'
    dependencies:
      '@remix-run/router': 1.13.1
      react: 18.2.0
    dev: false

  /react/18.2.0:
    resolution: {integrity: sha512-/3IjMdb2L9QbBdWiW5e3P2/npwMBaU9mHCSCUzNln0ZCYbcfTsGbTJrU/kGemdH2IWmB2ioZ+zkxtmq6g09fGQ==}
    engines: {node: '>=0.10.0'}
    dependencies:
      loose-envify: 1.4.0
    dev: false

  /readdirp/3.6.0:
    resolution: {integrity: sha512-hOS089on8RduqdbhvQ5Z37A0ESjsqz6qnRcffsMU3495FuTdqSm+7bhJ29JvIOsBDEEnan5DPu9t3To9VRlMzA==}
    engines: {node: '>=8.10.0'}
    dependencies:
      picomatch: 2.3.1
    dev: true

  /realtime-bpm-analyzer/4.0.2:
    resolution: {integrity: sha512-F4PLzZ0KzDvkOg4C5YeTM7VJjrDakMpBNI3uRz3tOq+HDXW/p/pwuDXs6KB7EUpiiLwSQrlRIptugofeBTeGNA==}
    dev: false

  /sass/1.69.5:
    resolution: {integrity: sha512-qg2+UCJibLr2LCVOt3OlPhr/dqVHWOa9XtZf2OjbLs/T4VPSJ00udtgJxH3neXZm+QqX8B+3cU7RaLqp1iVfcQ==}
    engines: {node: '>=14.0.0'}
    hasBin: true
    dependencies:
      chokidar: 3.5.3
      immutable: 4.3.4
      source-map-js: 1.0.2
    dev: true

  /scheduler/0.23.0:
    resolution: {integrity: sha512-CtuThmgHNg7zIZWAXi3AsyIzA3n4xx7aNyjwC2VJldO2LMVDhFK+63xGqq6CsJH4rTAt6/M+N4GhZiDYPx9eUw==}
    dependencies:
      loose-envify: 1.4.0
    dev: false

  /source-map-js/1.0.2:
    resolution: {integrity: sha512-R0XvVJ9WusLiqTCEiGCmICCMplcCkIwwR11mOSD9CR5u+IXYdiseeEuXCVAjS54zqwkLcPNnmU4OeJ6tUrWhDw==}
    engines: {node: '>=0.10.0'}
    dev: true

  /string-hash/1.1.3:
    resolution: {integrity: sha512-kJUvRUFK49aub+a7T1nNE66EJbZBMnBgoC1UbCZ5n6bsZKBRga4KgBRTMn/pFkeCZSYtNeSyMxPDM0AXWELk2A==}
    dev: true

  /tinycolor2/1.6.0:
    resolution: {integrity: sha512-XPaBkWQJdsf3pLKJV9p4qN/S+fm2Oj8AIPo1BTUhg5oxkvm9+SVEGFdhyOz7tTdUTfvxMiAs4sp6/eZO2Ew+pw==}
    dev: false

  /to-regex-range/5.0.1:
    resolution: {integrity: sha512-65P7iz6X5yEr1cwcgvQxbbIw7Uk3gOy5dIdtZ4rDveLqhrdJP+Li/Hx6tyK0NEb+2GCyneCMJiGqrADCSNk8sQ==}
    engines: {node: '>=8.0'}
    dependencies:
      is-number: 7.0.0
    dev: true

  /typescript/4.5.2:
    resolution: {integrity: sha512-5BlMof9H1yGt0P8/WF+wPNw6GfctgGjXp5hkblpyT+8rkASSmkUKMXrxR0Xg8ThVCi/JnHQiKXeBaEwCeQwMFw==}
    engines: {node: '>=4.2.0'}
    hasBin: true
    dev: true

  /typescript/5.3.3:
    resolution: {integrity: sha512-pXWcraxM0uxAS+tN0AG/BF2TyqmHO014Z070UsJ+pFvYuRSq8KH8DmWpnbXe0pEPDHXZV3FcAbJkijJ5oNEnWw==}
    engines: {node: '>=14.17'}
    hasBin: true
    dev: true

  /util-deprecate/1.0.2:
    resolution: {integrity: sha512-EPD5q1uXyFxJpCrLnCc1nHnq3gOa6DZBocAIiI2TaSCA7VCJ1UJDMagCzIkXNsUYfD1daK//LTEQ8xiIbrHtcw==}
    dev: true

  /uuid-by-string/4.0.0:
    resolution: {integrity: sha512-88ZSfcSkN04juiLqSsuyteqlSrXNFdsEPzSv3urnElDXNsZUXQN0smeTnh99x2DE15SCUQNgqKBfro54CuzHNQ==}
    dependencies:
      js-md5: 0.7.3
      js-sha1: 0.6.0
    dev: false

  /wavesurfer.js/7.7.11:
    resolution: {integrity: sha512-27otJlDBcUSbMh/YkxEZN0yXTHINQNYSOl5aJplYlIaHw2u3BrABUzOmUZV3dKIy8udOLJXS/67y5pOIzgAg+w==}
    dev: false
